// !$*UTF8*$!
{
	archiveVersion = 1;
	classes = {
	};
	objectVersion = 55;
	objects = {

/* Begin PBXBuildFile section */
		04DE2E1E28BDF1A2000058FA /* AppDelegate.swift in Sources */ = {isa = PBXBuildFile; fileRef = 04DE2E1D28BDF1A2000058FA /* AppDelegate.swift */; };
		04DE2E2028BDF1A2000058FA /* SceneDelegate.swift in Sources */ = {isa = PBXBuildFile; fileRef = 04DE2E1F28BDF1A2000058FA /* SceneDelegate.swift */; };
		04DE2E2228BDF1A2000058FA /* ViewController.swift in Sources */ = {isa = PBXBuildFile; fileRef = 04DE2E2128BDF1A2000058FA /* ViewController.swift */; };
		04DE2E2528BDF1A2000058FA /* Main.storyboard in Resources */ = {isa = PBXBuildFile; fileRef = 04DE2E2328BDF1A2000058FA /* Main.storyboard */; };
		04DE2E2728BDF1A3000058FA /* Assets.xcassets in Resources */ = {isa = PBXBuildFile; fileRef = 04DE2E2628BDF1A3000058FA /* Assets.xcassets */; };
		04DE2E2A28BDF1A3000058FA /* LaunchScreen.storyboard in Resources */ = {isa = PBXBuildFile; fileRef = 04DE2E2828BDF1A3000058FA /* LaunchScreen.storyboard */; };
		04DE2EB328BDF57C000058FA /* TestViewController.swift in Sources */ = {isa = PBXBuildFile; fileRef = 04DE2EB128BDF57C000058FA /* TestViewController.swift */; };
		04DE2EB428BDF57C000058FA /* TestViewController.xib in Resources */ = {isa = PBXBuildFile; fileRef = 04DE2EB228BDF57C000058FA /* TestViewController.xib */; };
		04DE2EB628BDF5F9000058FA /* BaseView.swift in Sources */ = {isa = PBXBuildFile; fileRef = 04DE2EB528BDF5F9000058FA /* BaseView.swift */; };
		04DE2EBA28BF6759000058FA /* BaseView2.swift in Sources */ = {isa = PBXBuildFile; fileRef = 04DE2EB928BF6759000058FA /* BaseView2.swift */; };
/* End PBXBuildFile section */

/* Begin PBXFileReference section */
		04DE2E1A28BDF1A2000058FA /* UIView生命周期.app */ = {isa = PBXFileReference; explicitFileType = wrapper.application; includeInIndex = 0; path = "UIView生命周期.app"; sourceTree = BUILT_PRODUCTS_DIR; };
		04DE2E1D28BDF1A2000058FA /* AppDelegate.swift */ = {isa = PBXFileReference; lastKnownFileType = sourcecode.swift; path = AppDelegate.swift; sourceTree = "<group>"; };
		04DE2E1F28BDF1A2000058FA /* SceneDelegate.swift */ = {isa = PBXFileReference; lastKnownFileType = sourcecode.swift; path = SceneDelegate.swift; sourceTree = "<group>"; };
		04DE2E2128BDF1A2000058FA /* ViewController.swift */ = {isa = PBXFileReference; lastKnownFileType = sourcecode.swift; path = ViewController.swift; sourceTree = "<group>"; };
		04DE2E2428BDF1A2000058FA /* Base */ = {isa = PBXFileReference; lastKnownFileType = file.storyboard; name = Base; path = Base.lproj/Main.storyboard; sourceTree = "<group>"; };
		04DE2E2628BDF1A3000058FA /* Assets.xcassets */ = {isa = PBXFileReference; lastKnownFileType = folder.assetcatalog; path = Assets.xcassets; sourceTree = "<group>"; };
		04DE2E2928BDF1A3000058FA /* Base */ = {isa = PBXFileReference; lastKnownFileType = file.storyboard; name = Base; path = Base.lproj/LaunchScreen.storyboard; sourceTree = "<group>"; };
		04DE2E2B28BDF1A3000058FA /* Info.plist */ = {isa = PBXFileReference; lastKnownFileType = text.plist.xml; path = Info.plist; sourceTree = "<group>"; };
		04DE2EB128BDF57C000058FA /* TestViewController.swift */ = {isa = PBXFileReference; lastKnownFileType = sourcecode.swift; path = TestViewController.swift; sourceTree = "<group>"; };
		04DE2EB228BDF57C000058FA /* TestViewController.xib */ = {isa = PBXFileReference; lastKnownFileType = file.xib; path = TestViewController.xib; sourceTree = "<group>"; };
		04DE2EB528BDF5F9000058FA /* BaseView.swift */ = {isa = PBXFileReference; lastKnownFileType = sourcecode.swift; path = BaseView.swift; sourceTree = "<group>"; };
		04DE2EB928BF6759000058FA /* BaseView2.swift */ = {isa = PBXFileReference; lastKnownFileType = sourcecode.swift; path = BaseView2.swift; sourceTree = "<group>"; };
/* End PBXFileReference section */

/* Begin PBXFrameworksBuildPhase section */
		04DE2E1728BDF1A2000058FA /* Frameworks */ = {
			isa = PBXFrameworksBuildPhase;
			buildActionMask = 2147483647;
			files = (
			);
			runOnlyForDeploymentPostprocessing = 0;
		};
/* End PBXFrameworksBuildPhase section */

/* Begin PBXGroup section */
		04DE2E1128BDF1A2000058FA = {
			isa = PBXGroup;
			children = (
				04DE2E1C28BDF1A2000058FA /* UIView生命周期 */,
				04DE2E1B28BDF1A2000058FA /* Products */,
			);
			sourceTree = "<group>";
		};
		04DE2E1B28BDF1A2000058FA /* Products */ = {
			isa = PBXGroup;
			children = (
				04DE2E1A28BDF1A2000058FA /* UIView生命周期.app */,
			);
			name = Products;
			sourceTree = "<group>";
		};
		04DE2E1C28BDF1A2000058FA /* UIView生命周期 */ = {
			isa = PBXGroup;
			children = (
				04DE2E1D28BDF1A2000058FA /* AppDelegate.swift */,
				04DE2E1F28BDF1A2000058FA /* SceneDelegate.swift */,
				04DE2EB528BDF5F9000058FA /* BaseView.swift */,
				04DE2EB928BF6759000058FA /* BaseView2.swift */,
				04DE2E2128BDF1A2000058FA /* ViewController.swift */,
				04DE2EB128BDF57C000058FA /* TestViewController.swift */,
				04DE2EB228BDF57C000058FA /* TestViewController.xib */,
				04DE2E2328BDF1A2000058FA /* Main.storyboard */,
				04DE2E2628BDF1A3000058FA /* Assets.xcassets */,
				04DE2E2828BDF1A3000058FA /* LaunchScreen.storyboard */,
				04DE2E2B28BDF1A3000058FA /* Info.plist */,
			);
			path = "UIView生命周期";
			sourceTree = "<group>";
		};
/* End PBXGroup section */

/* Begin PBXNativeTarget section */
		04DE2E1928BDF1A2000058FA /* UIView生命周期 */ = {
			isa = PBXNativeTarget;
			buildConfigurationList = 04DE2E2E28BDF1A3000058FA /* Build configuration list for PBXNativeTarget "UIView生命周期" */;
			buildPhases = (
				04DE2E1628BDF1A2000058FA /* Sources */,
				04DE2E1728BDF1A2000058FA /* Frameworks */,
				04DE2E1828BDF1A2000058FA /* Resources */,
			);
			buildRules = (
			);
			dependencies = (
			);
			name = "UIView生命周期";
			productName = "UIView生命周期";
			productReference = 04DE2E1A28BDF1A2000058FA /* UIView生命周期.app */;
			productType = "com.apple.product-type.application";
		};
/* End PBXNativeTarget section */

/* Begin PBXProject section */
		04DE2E1228BDF1A2000058FA /* Project object */ = {
			isa = PBXProject;
			attributes = {
				BuildIndependentTargetsInParallel = 1;
				LastSwiftUpdateCheck = 1340;
				LastUpgradeCheck = 1340;
				TargetAttributes = {
					04DE2E1928BDF1A2000058FA = {
						CreatedOnToolsVersion = 13.4.1;
					};
				};
			};
			buildConfigurationList = 04DE2E1528BDF1A2000058FA /* Build configuration list for PBXProject "UIView生命周期" */;
			compatibilityVersion = "Xcode 13.0";
			developmentRegion = en;
			hasScannedForEncodings = 0;
			knownRegions = (
				en,
				Base,
			);
			mainGroup = 04DE2E1128BDF1A2000058FA;
			productRefGroup = 04DE2E1B28BDF1A2000058FA /* Products */;
			projectDirPath = "";
			projectRoot = "";
			targets = (
				04DE2E1928BDF1A2000058FA /* UIView生命周期 */,
			);
		};
/* End PBXProject section */

/* Begin PBXResourcesBuildPhase section */
		04DE2E1828BDF1A2000058FA /* Resources */ = {
			isa = PBXResourcesBuildPhase;
			buildActionMask = 2147483647;
			files = (
				04DE2E2A28BDF1A3000058FA /* LaunchScreen.storyboard in Resources */,
				04DE2E2728BDF1A3000058FA /* Assets.xcassets in Resources */,
				04DE2EB428BDF57C000058FA /* TestViewController.xib in Resources */,
				04DE2E2528BDF1A2000058FA /* Main.storyboard in Resources */,
			);
			runOnlyForDeploymentPostprocessing = 0;
		};
/* End PBXResourcesBuildPhase section */

/* Begin PBXSourcesBuildPhase section */
		04DE2E1628BDF1A2000058FA /* Sources */ = {
			isa = PBXSourcesBuildPhase;
			buildActionMask = 2147483647;
			files = (
				04DE2EBA28BF6759000058FA /* BaseView2.swift in Sources */,
				04DE2E2228BDF1A2000058FA /* ViewController.swift in Sources */,
				04DE2E1E28BDF1A2000058FA /* AppDelegate.swift in Sources */,
				04DE2EB628BDF5F9000058FA /* BaseView.swift in Sources */,
				04DE2EB328BDF57C000058FA /* TestViewController.swift in Sources */,
				04DE2E2028BDF1A2000058FA /* SceneDelegate.swift in Sources */,
			);
			runOnlyForDeploymentPostprocessing = 0;
		};
/* End PBXSourcesBuildPhase section */

/* Begin PBXVariantGroup section */
		04DE2E2328BDF1A2000058FA /* Main.storyboard */ = {
			isa = PBXVariantGroup;
			children = (
				04DE2E2428BDF1A2000058FA /* Base */,
			);
			name = Main.storyboard;
			sourceTree = "<group>";
		};
		04DE2E2828BDF1A3000058FA /* LaunchScreen.storyboard */ = {
			isa = PBXVariantGroup;
			children = (
				04DE2E2928BDF1A3000058FA /* Base */,
			);
			name = LaunchScreen.storyboard;
			sourceTree = "<group>";
		};
/* End PBXVariantGroup section */

/* Begin XCBuildConfiguration section */
		04DE2E2C28BDF1A3000058FA /* Debug */ = {
			isa = XCBuildConfiguration;
			buildSettings = {
				ALWAYS_SEARCH_USER_PATHS = NO;
				CLANG_ANALYZER_NONNULL = YES;
				CLANG_ANALYZER_NUMBER_OBJECT_CONVERSION = YES_AGGRESSIVE;
				CLANG_CXX_LANGUAGE_STANDARD = "gnu++17";
				CLANG_ENABLE_MODULES = YES;
				CLANG_ENABLE_OBJC_ARC = YES;
				CLANG_ENABLE_OBJC_WEAK = YES;
				CLANG_WARN_BLOCK_CAPTURE_AUTORELEASING = YES;
				CLANG_WARN_BOOL_CONVERSION = YES;
				CLANG_WARN_COMMA = YES;
				CLANG_WARN_CONSTANT_CONVERSION = YES;
				CLANG_WARN_DEPRECATED_OBJC_IMPLEMENTATIONS = YES;
				CLANG_WARN_DIRECT_OBJC_ISA_USAGE = YES_ERROR;
				CLANG_WARN_DOCUMENTATION_COMMENTS = YES;
				CLANG_WARN_EMPTY_BODY = YES;
				CLANG_WARN_ENUM_CONVERSION = YES;
				CLANG_WARN_INFINITE_RECURSION = YES;
				CLANG_WARN_INT_CONVERSION = YES;
				CLANG_WARN_NON_LITERAL_NULL_CONVERSION = YES;
				CLANG_WARN_OBJC_IMPLICIT_RETAIN_SELF = YES;
				CLANG_WARN_OBJC_LITERAL_CONVERSION = YES;
				CLANG_WARN_OBJC_ROOT_CLASS = YES_ERROR;
				CLANG_WARN_QUOTED_INCLUDE_IN_FRAMEWORK_HEADER = YES;
				CLANG_WARN_RANGE_LOOP_ANALYSIS = YES;
				CLANG_WARN_STRICT_PROTOTYPES = YES;
				CLANG_WARN_SUSPICIOUS_MOVE = YES;
				CLANG_WARN_UNGUARDED_AVAILABILITY = YES_AGGRESSIVE;
				CLANG_WARN_UNREACHABLE_CODE = YES;
				CLANG_WARN__DUPLICATE_METHOD_MATCH = YES;
				COPY_PHASE_STRIP = NO;
				DEBUG_INFORMATION_FORMAT = dwarf;
				ENABLE_STRICT_OBJC_MSGSEND = YES;
				ENABLE_TESTABILITY = YES;
				GCC_C_LANGUAGE_STANDARD = gnu11;
				GCC_DYNAMIC_NO_PIC = NO;
				GCC_NO_COMMON_BLOCKS = YES;
				GCC_OPTIMIZATION_LEVEL = 0;
				GCC_PREPROCESSOR_DEFINITIONS = (
					"DEBUG=1",
					"$(inherited)",
				);
				GCC_WARN_64_TO_32_BIT_CONVERSION = YES;
				GCC_WARN_ABOUT_RETURN_TYPE = YES_ERROR;
				GCC_WARN_UNDECLARED_SELECTOR = YES;
				GCC_WARN_UNINITIALIZED_AUTOS = YES_AGGRESSIVE;
				GCC_WARN_UNUSED_FUNCTION = YES;
				GCC_WARN_UNUSED_VARIABLE = YES;
				IPHONEOS_DEPLOYMENT_TARGET = 15.5;
				MTL_ENABLE_DEBUG_INFO = INCLUDE_SOURCE;
				MTL_FAST_MATH = YES;
				ONLY_ACTIVE_ARCH = YES;
				SDKROOT = iphoneos;
				SWIFT_ACTIVE_COMPILATION_CONDITIONS = DEBUG;
				SWIFT_OPTIMIZATION_LEVEL = "-Onone";
			};
			name = Debug;
		};
		04DE2E2D28BDF1A3000058FA /* Release */ = {
			isa = XCBuildConfiguration;
			buildSettings = {
				ALWAYS_SEARCH_USER_PATHS = NO;
				CLANG_ANALYZER_NONNULL = YES;
				CLANG_ANALYZER_NUMBER_OBJECT_CONVERSION = YES_AGGRESSIVE;
				CLANG_CXX_LANGUAGE_STANDARD = "gnu++17";
				CLANG_ENABLE_MODULES = YES;
				CLANG_ENABLE_OBJC_ARC = YES;
				CLANG_ENABLE_OBJC_WEAK = YES;
				CLANG_WARN_BLOCK_CAPTURE_AUTORELEASING = YES;
				CLANG_WARN_BOOL_CONVERSION = YES;
				CLANG_WARN_COMMA = YES;
				CLANG_WARN_CONSTANT_CONVERSION = YES;
				CLANG_WARN_DEPRECATED_OBJC_IMPLEMENTATIONS = YES;
				CLANG_WARN_DIRECT_OBJC_ISA_USAGE = YES_ERROR;
				CLANG_WARN_DOCUMENTATION_COMMENTS = YES;
				CLANG_WARN_EMPTY_BODY = YES;
				CLANG_WARN_ENUM_CONVERSION = YES;
				CLANG_WARN_INFINITE_RECURSION = YES;
				CLANG_WARN_INT_CONVERSION = YES;
				CLANG_WARN_NON_LITERAL_NULL_CONVERSION = YES;
				CLANG_WARN_OBJC_IMPLICIT_RETAIN_SELF = YES;
				CLANG_WARN_OBJC_LITERAL_CONVERSION = YES;
				CLANG_WARN_OBJC_ROOT_CLASS = YES_ERROR;
				CLANG_WARN_QUOTED_INCLUDE_IN_FRAMEWORK_HEADER = YES;
				CLANG_WARN_RANGE_LOOP_ANALYSIS = YES;
				CLANG_WARN_STRICT_PROTOTYPES = YES;
				CLANG_WARN_SUSPICIOUS_MOVE = YES;
				CLANG_WARN_UNGUARDED_AVAILABILITY = YES_AGGRESSIVE;
				CLANG_WARN_UNREACHABLE_CODE = YES;
				CLANG_WARN__DUPLICATE_METHOD_MATCH = YES;
				COPY_PHASE_STRIP = NO;
				DEBUG_INFORMATION_FORMAT = "dwarf-with-dsym";
				ENABLE_NS_ASSERTIONS = NO;
				ENABLE_STRICT_OBJC_MSGSEND = YES;
				GCC_C_LANGUAGE_STANDARD = gnu11;
				GCC_NO_COMMON_BLOCKS = YES;
				GCC_WARN_64_TO_32_BIT_CONVERSION = YES;
				GCC_WARN_ABOUT_RETURN_TYPE = YES_ERROR;
				GCC_WARN_UNDECLARED_SELECTOR = YES;
				GCC_WARN_UNINITIALIZED_AUTOS = YES_AGGRESSIVE;
				GCC_WARN_UNUSED_FUNCTION = YES;
				GCC_WARN_UNUSED_VARIABLE = YES;
				IPHONEOS_DEPLOYMENT_TARGET = 15.5;
				MTL_ENABLE_DEBUG_INFO = NO;
				MTL_FAST_MATH = YES;
				SDKROOT = iphoneos;
				SWIFT_COMPILATION_MODE = wholemodule;
				SWIFT_OPTIMIZATION_LEVEL = "-O";
				VALIDATE_PRODUCT = YES;
			};
			name = Release;
		};
		04DE2E2F28BDF1A3000058FA /* Debug */ = {
			isa = XCBuildConfiguration;
			buildSettings = {
				ASSETCATALOG_COMPILER_APPICON_NAME = AppIcon;
				ASSETCATALOG_COMPILER_GLOBAL_ACCENT_COLOR_NAME = AccentColor;
				CODE_SIGN_STYLE = Automatic;
				CURRENT_PROJECT_VERSION = 1;
				DEVELOPMENT_TEAM = M69H647QU3;
				GENERATE_INFOPLIST_FILE = YES;
				INFOPLIST_FILE = "UIView生命周期/Info.plist";
				INFOPLIST_KEY_UIApplicationSupportsIndirectInputEvents = YES;
				INFOPLIST_KEY_UILaunchStoryboardName = LaunchScreen;
				INFOPLIST_KEY_UIMainStoryboardFile = Main;
				INFOPLIST_KEY_UISupportedInterfaceOrientations_iPad = "UIInterfaceOrientationPortrait UIInterfaceOrientationPortraitUpsideDown UIInterfaceOrientationLandscapeLeft UIInterfaceOrientationLandscapeRight";
				INFOPLIST_KEY_UISupportedInterfaceOrientations_iPhone = "UIInterfaceOrientationPortrait UIInterfaceOrientationLandscapeLeft UIInterfaceOrientationLandscapeRight";
				LD_RUNPATH_SEARCH_PATHS = (
					"$(inherited)",
					"@executable_path/Frameworks",
				);
				MARKETING_VERSION = 1.0;
				PRODUCT_BUNDLE_IDENTIFIER = "com.adam.com.UIView----";
				PRODUCT_NAME = "$(TARGET_NAME)";
				SWIFT_EMIT_LOC_STRINGS = YES;
				SWIFT_VERSION = 5.0;
				TARGETED_DEVICE_FAMILY = "1,2";
			};
			name = Debug;
		};
		04DE2E3028BDF1A3000058FA /* Release */ = {
			isa = XCBuildConfiguration;
			buildSettings = {
				ASSETCATALOG_COMPILER_APPICON_NAME = AppIcon;
				ASSETCATALOG_COMPILER_GLOBAL_ACCENT_COLOR_NAME = AccentColor;
				CODE_SIGN_STYLE = Automatic;
				CURRENT_PROJECT_VERSION = 1;
				DEVELOPMENT_TEAM = M69H647QU3;
				GENERATE_INFOPLIST_FILE = YES;
				INFOPLIST_FILE = "UIView生命周期/Info.plist";
				INFOPLIST_KEY_UIApplicationSupportsIndirectInputEvents = YES;
				INFOPLIST_KEY_UILaunchStoryboardName = LaunchScreen;
				INFOPLIST_KEY_UIMainStoryboardFile = Main;
				INFOPLIST_KEY_UISupportedInterfaceOrientations_iPad = "UIInterfaceOrientationPortrait UIInterfaceOrientationPortraitUpsideDown UIInterfaceOrientationLandscapeLeft UIInterfaceOrientationLandscapeRight";
				INFOPLIST_KEY_UISupportedInterfaceOrientations_iPhone = "UIInterfaceOrientationPortrait UIInterfaceOrientationLandscapeLeft UIInterfaceOrientationLandscapeRight";
				LD_RUNPATH_SEARCH_PATHS = (
					"$(inherited)",
					"@executable_path/Frameworks",
				);
				MARKETING_VERSION = 1.0;
				PRODUCT_BUNDLE_IDENTIFIER = "com.adam.com.UIView----";
				PRODUCT_NAME = "$(TARGET_NAME)";
				SWIFT_EMIT_LOC_STRINGS = YES;
				SWIFT_VERSION = 5.0;
				TARGETED_DEVICE_FAMILY = "1,2";
			};
			name = Release;
		};
/* End XCBuildConfiguration section */

/* Begin XCConfigurationList section */
		04DE2E1528BDF1A2000058FA /* Build configuration list for PBXProject "UIView生命周期" */ = {
			isa = XCConfigurationList;
			buildConfigurations = (
				04DE2E2C28BDF1A3000058FA /* Debug */,
				04DE2E2D28BDF1A3000058FA /* Release */,
			);
			defaultConfigurationIsVisible = 0;
			defaultConfigurationName = Release;
		};
		04DE2E2E28BDF1A3000058FA /* Build configuration list for PBXNativeTarget "UIView生命周期" */ = {
			isa = XCConfigurationList;
			buildConfigurations = (
				04DE2E2F28BDF1A3000058FA /* Debug */,
				04DE2E3028BDF1A3000058FA /* Release */,
			);
			defaultConfigurationIsVisible = 0;
			defaultConfigurationName = Release;
		};
/* End XCConfigurationList section */
	};
	rootObject = 04DE2E1228BDF1A2000058FA /* Project object */;
}
